
Microsoft Visual Studio Solution File, Format Version 12.00
# Visual Studio Version 16
VisualStudioVersion = 16.0.29911.84
MinimumVisualStudioVersion = 10.0.40219.1
Project("{FAE04EC0-301F-11D3-BF4B-00C04F79EFBC}") = "SimpleGame", "SimpleGame\SimpleGame.csproj", "{9C4D2741-FBC8-4B52-9966-508B900482B2}"
EndProject
Global
	GlobalSection(SolutionConfigurationPlatforms) = preSolution
		Debug|Any CPU = Debug|Any CPU
		Release|Any CPU = Release|Any CPU
	EndGlobalSection
	GlobalSection(ProjectConfigurationPlatforms) = postSolution
		{9C4D2741-FBC8-4B52-9966-508B900482B2}.Debug|Any CPU.ActiveCfg = Debug|Any CPU
		{9C4D2741-FBC8-4B52-9966-508B900482B2}.Debug|Any CPU.Build.0 = Debug|Any CPU
		{9C4D2741-FBC8-4B52-9966-508B900482B2}.Release|Any CPU.ActiveCfg = Release|Any CPU
		{9C4D2741-FBC8-4B52-9966-508B900482B2}.Release|Any CPU.Build.0 = Release|Any CPU
	EndGlobalSection
	GlobalSection(SolutionProperties) = preSolution
		HideSolutionNode = FALSE
	EndGlobalSection
	GlobalSection(ExtensibilityGlobals) = postSolution
		SolutionGuid = {6957FE0C-1988-4C22-ABA4-A124C040BCA6}
	EndGlobalSection
EndGlobal
